{
  "name": "@natasha80/ajs-1",
  "version": "1.0.0",
  "lockfileVersion": 1,
  "requires": true,
  "dependencies": {
    "@natasha80/ajs": {
      "version": "1.0.0",
      "resolved": "https://npm.pkg.github.com/download/@natasha80/ajs/1.0.0/f46dcd964561d1ea9beb0e70e049fe0731e762b3da53d6c01dcf5c16d24e3fc6",
      "integrity": "sha512-fNAqeVwx8wKM7l8NBV/dxfn9bQZHqp9GGABPd9yPa8rUpaEuckUUW+dAIf2BmAC9m43Xlc1DyvH00+yPSljArQ=="
    }
  }
}
